github.com/forestryio/hugo-theme-novela v0.0.0-20210222084032-5d015eef4c56 h1:dtzY0hPgHxCMX6w0+I+kE+XZwD2XnZcvPJsZmwijYqk=
github.com/forestryio/hugo-theme-novela v0.0.0-20210222084032-5d015eef4c56/go.mod h1:3Ys8HSILJdxqFw6mOtBAEaDmI/MyhGJhNyvlpMt0oTY=
github.com/itsmattburgess/hugo-theme-spartan v0.0.0-20210720213609-10833e931df0 h1:rsOZ9ipHtLTlMn6B9gz8t3UuZzUUcE9UkylH2BtKtD8=
github.com/itsmattburgess/hugo-theme-spartan v0.0.0-20210720213609-10833e931df0/go.mod h1:DqTNkG5BISZOSw3rAimpptv64VKrTEV7J43FulfFIvk=
github.com/itsmattburgess/hugo-theme-spartan v0.0.0-20210720223135-d5243cbaa8f9 h1:fUQSDFef0LYhbPr80RuUxuDokymmjnUENE17TOA0SN8=
github.com/itsmattburgess/hugo-theme-spartan v0.0.0-20210720223135-d5243cbaa8f9/go.mod h1:DqTNkG5BISZOSw3rAimpptv64VKrTEV7J43FulfFIvk=
github.com/itsmattburgess/hugo-theme-spartan v0.0.0-20210722212926-d590998a0a9e h1:352aVOlNBT5vKiz83Av/cvTvyMbNYy2OHHY45PrSiEI=
github.com/itsmattburgess/hugo-theme-spartan v0.0.0-20210722212926-d590998a0a9e/go.mod h1:DqTNkG5BISZOSw3rAimpptv64VKrTEV7J43FulfFIvk=
github.com/itsmattburgess/hugo-theme-spartan v0.0.0-20210722213223-dd0b4c537349 h1:nyw+1mGaPk8ffGl9RrdB/xpUbkkic1MZXIDb/3gcbrg=
github.com/itsmattburgess/hugo-theme-spartan v0.0.0-20210722213223-dd0b4c537349/go.mod h1:DqTNkG5BISZOSw3rAimpptv64VKrTEV7J43FulfFIvk=
github.com/itsmattburgess/hugo-theme-spartan v0.0.0-20210722213309-5fa02d956438 h1:KKAX0U3Jfqpz59S71YiyVZ2NATDzE6Q2t44bR7iZc+A=
github.com/itsmattburgess/hugo-theme-spartan v0.0.0-20210722213309-5fa02d956438/go.mod h1:DqTNkG5BISZOSw3rAimpptv64VKrTEV7J43FulfFIvk=
github.com/itsmattburgess/hugo-theme-spartan v0.0.0-20210722213403-ab0ef22ce0ae h1:rzW/ybzrGRMcggrY6Kw58+1ZW5Ha0h3MQfDyGnj8y6c=
github.com/itsmattburgess/hugo-theme-spartan v0.0.0-20210722213403-ab0ef22ce0ae/go.mod h1:DqTNkG5BISZOSw3rAimpptv64VKrTEV7J43FulfFIvk=
github.com/itsmattburgess/hugo-theme-spartan v0.0.0-20210722213856-d903c4294dbe h1:6rptSDdPJH/MO9amXMFFueSY3x7kXbZh7+45V17DjWA=
github.com/itsmattburgess/hugo-theme-spartan v0.0.0-20210722213856-d903c4294dbe/go.mod h1:DqTNkG5BISZOSw3rAimpptv64VKrTEV7J43FulfFIvk=
github.com/itsmattburgess/hugo-theme-spartan v0.0.0-20210722214540-84a748ed1733 h1:2pen1Qnx9LNX93/yomaU7cH+TAVf5N2yq0fojS3JsBs=
github.com/itsmattburgess/hugo-theme-spartan v0.0.0-20210722214540-84a748ed1733/go.mod h1:DqTNkG5BISZOSw3rAimpptv64VKrTEV7J43FulfFIvk=
github.com/itsmattburgess/hugo-theme-spartan v0.0.0-20210722214748-1549a6765f2c h1:PFNv2CipSNqQNx7yolLsC1GsaLPOuoelXT6dGrMKyvY=
github.com/itsmattburgess/hugo-theme-spartan v0.0.0-20210722214748-1549a6765f2c/go.mod h1:DqTNkG5BISZOSw3rAimpptv64VKrTEV7J43FulfFIvk=
github.com/itsmattburgess/hugo-theme-spartan v0.0.0-20210722215222-d2bf864e5b43 h1:4vzV2ieIq7ta+0QYuQ7eO6obbxkxXrCIVgy/935NCRA=
github.com/itsmattburgess/hugo-theme-spartan v0.0.0-20210722215222-d2bf864e5b43/go.mod h1:DqTNkG5BISZOSw3rAimpptv64VKrTEV7J43FulfFIvk=
github.com/itsmattburgess/hugo-theme-spartan v0.0.0-20210722215650-3fcf12eaab2a h1:t2Sfh4rilFjiPyfgXIglTMilF2fT8z/smDPxoW9F7O8=
github.com/itsmattburgess/hugo-theme-spartan v0.0.0-20210722215650-3fcf12eaab2a/go.mod h1:DqTNkG5BISZOSw3rAimpptv64VKrTEV7J43FulfFIvk=
github.com/itsmattburgess/hugo-theme-spartan v0.0.0-20210722215814-e4fe7dccb507 h1:WEELJqDs94qBE5mx/OrzJZ/PHbeKA9pma/dO21gXf7Y=
github.com/itsmattburgess/hugo-theme-spartan v0.0.0-20210722215814-e4fe7dccb507/go.mod h1:DqTNkG5BISZOSw3rAimpptv64VKrTEV7J43FulfFIvk=
github.com/itsmattburgess/hugo-theme-spartan v0.0.0-20210722220007-03eb0d3b99a4 h1:tRsGDBw3X0+etTzs0CpHIRCT5bndPZsfAstfLJ+JbU0=
github.com/itsmattburgess/hugo-theme-spartan v0.0.0-20210722220007-03eb0d3b99a4/go.mod h1:DqTNkG5BISZOSw3rAimpptv64VKrTEV7J43FulfFIvk=
github.com/itsmattburgess/hugo-theme-spartan v0.0.0-20210722225921-f62166bbec56 h1:ko7pq8fk05tHyFJpHV1PUFuAUATholvbzLucCCXmbpE=
github.com/itsmattburgess/hugo-theme-spartan v0.0.0-20210722225921-f62166bbec56/go.mod h1:DqTNkG5BISZOSw3rAimpptv64VKrTEV7J43FulfFIvk=
